
Microsoft Visual Studio Solution File, Format Version 12.00
# Visual Studio Version 16
VisualStudioVersion = 16.0.31424.327
MinimumVisualStudioVersion = 10.0.40219.1
Project("{FAE04EC0-301F-11D3-BF4B-00C04F79EFBC}") = "FLowerShopUI", "FLowerShopUI\FLowerShopUI.csproj", "{BF585B5C-1D5F-48DF-8248-DFB3D4144D03}"
EndProject
Global
	GlobalSection(SolutionConfigurationPlatforms) = preSolution
		Debug|Any CPU = Debug|Any CPU
		Release|Any CPU = Release|Any CPU
	EndGlobalSection
	GlobalSection(ProjectConfigurationPlatforms) = postSolution
		{BF585B5C-1D5F-48DF-8248-DFB3D4144D03}.Debug|Any CPU.ActiveCfg = Debug|Any CPU
		{BF585B5C-1D5F-48DF-8248-DFB3D4144D03}.Debug|Any CPU.Build.0 = Debug|Any CPU
		{BF585B5C-1D5F-48DF-8248-DFB3D4144D03}.Release|Any CPU.ActiveCfg = Release|Any CPU
		{BF585B5C-1D5F-48DF-8248-DFB3D4144D03}.Release|Any CPU.Build.0 = Release|Any CPU
	EndGlobalSection
	GlobalSection(SolutionProperties) = preSolution
		HideSolutionNode = FALSE
	EndGlobalSection
	GlobalSection(ExtensibilityGlobals) = postSolution
		SolutionGuid = {3C894BE4-B602-482B-9AAC-DA0C103A47BE}
	EndGlobalSection
EndGlobal
